
Microsoft Visual Studio Solution File, Format Version 12.00
# Visual Studio Version 17
VisualStudioVersion = 17.4.33103.184
MinimumVisualStudioVersion = 10.0.40219.1
Project("{2150E333-8FDC-42A3-9474-1A3956D46DE8}") = "src", "src", "{FA345D14-7D2D-43C0-8AE2-8714628A0D62}"
EndProject
Project("{FAE04EC0-301F-11D3-BF4B-00C04F79EFBC}") = "Tutorial.Domain", "src\Tutorial.Domain\Tutorial.Domain.csproj", "{960D705E-4290-4DA7-87BE-B53E31C7E5C2}"
EndProject
Project("{FAE04EC0-301F-11D3-BF4B-00C04F79EFBC}") = "Tutorial.Application", "src\Tutorial.Application\Tutorial.Application.csproj", "{3363B2CB-B398-4EF5-A37B-2FFE956CC35D}"
EndProject
Project("{FAE04EC0-301F-11D3-BF4B-00C04F79EFBC}") = "Tutorial.Infrastructure.Persistence", "src\Tutorial.Infrastructure.Persistence\Tutorial.Infrastructure.Persistence.csproj", "{3D40BF4A-AD2C-4B91-AA6E-6421003C2800}"
EndProject
Project("{FAE04EC0-301F-11D3-BF4B-00C04F79EFBC}") = "Tutorial.WebApi", "src\Tutorial.WebApi\Tutorial.WebApi.csproj", "{CFF32E54-AFCF-4E51-A686-53B67C5294BE}"
EndProject
Global
	GlobalSection(SolutionConfigurationPlatforms) = preSolution
		Debug|Any CPU = Debug|Any CPU
		Release|Any CPU = Release|Any CPU
	EndGlobalSection
	GlobalSection(ProjectConfigurationPlatforms) = postSolution
		{960D705E-4290-4DA7-87BE-B53E31C7E5C2}.Debug|Any CPU.ActiveCfg = Debug|Any CPU
		{960D705E-4290-4DA7-87BE-B53E31C7E5C2}.Debug|Any CPU.Build.0 = Debug|Any CPU
		{960D705E-4290-4DA7-87BE-B53E31C7E5C2}.Release|Any CPU.ActiveCfg = Release|Any CPU
		{960D705E-4290-4DA7-87BE-B53E31C7E5C2}.Release|Any CPU.Build.0 = Release|Any CPU
		{3363B2CB-B398-4EF5-A37B-2FFE956CC35D}.Debug|Any CPU.ActiveCfg = Debug|Any CPU
		{3363B2CB-B398-4EF5-A37B-2FFE956CC35D}.Debug|Any CPU.Build.0 = Debug|Any CPU
		{3363B2CB-B398-4EF5-A37B-2FFE956CC35D}.Release|Any CPU.ActiveCfg = Release|Any CPU
		{3363B2CB-B398-4EF5-A37B-2FFE956CC35D}.Release|Any CPU.Build.0 = Release|Any CPU
		{3D40BF4A-AD2C-4B91-AA6E-6421003C2800}.Debug|Any CPU.ActiveCfg = Debug|Any CPU
		{3D40BF4A-AD2C-4B91-AA6E-6421003C2800}.Debug|Any CPU.Build.0 = Debug|Any CPU
		{3D40BF4A-AD2C-4B91-AA6E-6421003C2800}.Release|Any CPU.ActiveCfg = Release|Any CPU
		{3D40BF4A-AD2C-4B91-AA6E-6421003C2800}.Release|Any CPU.Build.0 = Release|Any CPU
		{CFF32E54-AFCF-4E51-A686-53B67C5294BE}.Debug|Any CPU.ActiveCfg = Debug|Any CPU
		{CFF32E54-AFCF-4E51-A686-53B67C5294BE}.Debug|Any CPU.Build.0 = Debug|Any CPU
		{CFF32E54-AFCF-4E51-A686-53B67C5294BE}.Release|Any CPU.ActiveCfg = Release|Any CPU
		{CFF32E54-AFCF-4E51-A686-53B67C5294BE}.Release|Any CPU.Build.0 = Release|Any CPU
	EndGlobalSection
	GlobalSection(SolutionProperties) = preSolution
		HideSolutionNode = FALSE
	EndGlobalSection
	GlobalSection(NestedProjects) = preSolution
		{960D705E-4290-4DA7-87BE-B53E31C7E5C2} = {FA345D14-7D2D-43C0-8AE2-8714628A0D62}
		{3363B2CB-B398-4EF5-A37B-2FFE956CC35D} = {FA345D14-7D2D-43C0-8AE2-8714628A0D62}
		{3D40BF4A-AD2C-4B91-AA6E-6421003C2800} = {FA345D14-7D2D-43C0-8AE2-8714628A0D62}
		{CFF32E54-AFCF-4E51-A686-53B67C5294BE} = {FA345D14-7D2D-43C0-8AE2-8714628A0D62}
	EndGlobalSection
	GlobalSection(ExtensibilityGlobals) = postSolution
		SolutionGuid = {C1A5667C-BA8D-4961-8957-9B5FA7920DA6}
	EndGlobalSection
EndGlobal
